
Microsoft Visual Studio Solution File, Format Version 12.00
# Visual Studio Version 16
VisualStudioVersion = 16.0.31729.503
MinimumVisualStudioVersion = 10.0.40219.1
Project("{FAE04EC0-301F-11D3-BF4B-00C04F79EFBC}") = "ConsoleApp8", "ConsoleApp8\ConsoleApp8.csproj", "{DD70491E-4D8E-4F0C-AD04-5337A2F61609}"
EndProject
Global
	GlobalSection(SolutionConfigurationPlatforms) = preSolution
		Debug|Any CPU = Debug|Any CPU
		Release|Any CPU = Release|Any CPU
	EndGlobalSection
	GlobalSection(ProjectConfigurationPlatforms) = postSolution
		{DD70491E-4D8E-4F0C-AD04-5337A2F61609}.Debug|Any CPU.ActiveCfg = Debug|Any CPU
		{DD70491E-4D8E-4F0C-AD04-5337A2F61609}.Debug|Any CPU.Build.0 = Debug|Any CPU
		{DD70491E-4D8E-4F0C-AD04-5337A2F61609}.Release|Any CPU.ActiveCfg = Release|Any CPU
		{DD70491E-4D8E-4F0C-AD04-5337A2F61609}.Release|Any CPU.Build.0 = Release|Any CPU
	EndGlobalSection
	GlobalSection(SolutionProperties) = preSolution
		HideSolutionNode = FALSE
	EndGlobalSection
	GlobalSection(ExtensibilityGlobals) = postSolution
		SolutionGuid = {2B0F53F1-0199-4122-A41E-B0B096DCA5BE}
	EndGlobalSection
EndGlobal
